<?xml version="1.0" encoding="UTF-8"?>
<!DOCTYPE plist PUBLIC "-//Apple//DTD PLIST 1.0//EN" "http://www.apple.com/DTDs/PropertyList-1.0.dtd">
<plist version="1.0">
<dict>
	<key>archiveVersion</key>
	<string>1</string>
	<key>classes</key>
	<dict/>
	<key>objectVersion</key>
	<string>46</string>
	<key>objects</key>
	<dict>
		<key>22A5ECC1A0764714B552AF14</key>
		<dict>
			<key>buildActionMask</key>
			<string>2147483647</string>
			<key>files</key>
			<array/>
			<key>inputPaths</key>
			<array/>
			<key>isa</key>
			<string>PBXShellScriptBuildPhase</string>
			<key>name</key>
			<string>Copy Pods Resources</string>
			<key>outputPaths</key>
			<array/>
			<key>runOnlyForDeploymentPostprocessing</key>
			<string>0</string>
			<key>shellPath</key>
			<string>/bin/sh</string>
			<key>shellScript</key>
			<string>"${SRCROOT}/Pods/Pods-resources.sh"
</string>
			<key>showEnvVarsInLog</key>
			<string>1</string>
		</dict>
		<key>308BC69B168F394600BBE793</key>
		<dict>
			<key>fileEncoding</key>
			<string>4</string>
			<key>isa</key>
			<string>PBXFileReference</string>
			<key>lastKnownFileType</key>
			<string>sourcecode.c.h</string>
			<key>path</key>
			<string>CheckoutViewController.h</string>
			<key>sourceTree</key>
			<string>&lt;group&gt;</string>
		</dict>
		<key>308BC69C168F394600BBE793</key>
		<dict>
			<key>fileEncoding</key>
			<string>4</string>
			<key>isa</key>
			<string>PBXFileReference</string>
			<key>lastKnownFileType</key>
			<string>sourcecode.c.objc</string>
			<key>path</key>
			<string>CheckoutViewController.m</string>
			<key>sourceTree</key>
			<string>&lt;group&gt;</string>
		</dict>
		<key>308BC69D168F394600BBE793</key>
		<dict>
			<key>fileRef</key>
			<string>308BC69C168F394600BBE793</string>
			<key>isa</key>
			<string>PBXBuildFile</string>
		</dict>
		<key>308BC69F168F396700BBE793</key>
		<dict>
			<key>fileEncoding</key>
			<string>4</string>
			<key>isa</key>
			<string>PBXFileReference</string>
			<key>lastKnownFileType</key>
			<string>sourcecode.c.h</string>
			<key>path</key>
			<string>GraciasViewController.h</string>
			<key>sourceTree</key>
			<string>&lt;group&gt;</string>
		</dict>
		<key>308BC6A0168F396700BBE793</key>
		<dict>
			<key>fileEncoding</key>
			<string>4</string>
			<key>isa</key>
			<string>PBXFileReference</string>
			<key>lastKnownFileType</key>
			<string>sourcecode.c.objc</string>
			<key>path</key>
			<string>GraciasViewController.m</string>
			<key>sourceTree</key>
			<string>&lt;group&gt;</string>
		</dict>
		<key>308BC6A1168F396700BBE793</key>
		<dict>
			<key>fileRef</key>
			<string>308BC6A0168F396700BBE793</string>
			<key>isa</key>
			<string>PBXBuildFile</string>
		</dict>
		<key>30A02348168E9E3D009EC249</key>
		<dict>
			<key>buildActionMask</key>
			<string>2147483647</string>
			<key>files</key>
			<array/>
			<key>inputPaths</key>
			<array/>
			<key>isa</key>
			<string>PBXShellScriptBuildPhase</string>
			<key>outputPaths</key>
			<array/>
			<key>runOnlyForDeploymentPostprocessing</key>
			<string>0</string>
			<key>shellPath</key>
			<string>/bin/sh</string>
			<key>shellScript</key>
			<string>bN=$(/usr/libexec/PlistBuddy -c "Print CFBundleVersion" "$INFOPLIST_FILE")
bN=$((0x$bN))
bN=$(($bN + 1))
bN=$(printf "%X" $bN)
/usr/libexec/PlistBuddy -c "Set :CFBundleVersion $bN" "$INFOPLIST_FILE"</string>
		</dict>
		<key>30A0234A168EA00B009EC249</key>
		<dict>
			<key>fileEncoding</key>
			<string>4</string>
			<key>isa</key>
			<string>PBXFileReference</string>
			<key>lastKnownFileType</key>
			<string>sourcecode.c.h</string>
			<key>path</key>
			<string>MainMenuViewController.h</string>
			<key>sourceTree</key>
			<string>&lt;group&gt;</string>
		</dict>
		<key>30A0234B168EA00B009EC249</key>
		<dict>
			<key>fileEncoding</key>
			<string>4</string>
			<key>isa</key>
			<string>PBXFileReference</string>
			<key>lastKnownFileType</key>
			<string>sourcecode.c.objc</string>
			<key>path</key>
			<string>MainMenuViewController.m</string>
			<key>sourceTree</key>
			<string>&lt;group&gt;</string>
		</dict>
		<key>30A0234C168EA00B009EC249</key>
		<dict>
			<key>fileRef</key>
			<string>30A0234B168EA00B009EC249</string>
			<key>isa</key>
			<string>PBXBuildFile</string>
		</dict>
		<key>30A0234D168EA016009EC249</key>
		<dict>
			<key>children</key>
			<array>
				<string>30A0234A168EA00B009EC249</string>
				<string>30A0234B168EA00B009EC249</string>
				<string>EC503581168CE9F0008F7120</string>
				<string>EC503582168CE9F0008F7120</string>
				<string>ECE2194C168D441400988388</string>
				<string>ECE2194D168D441400988388</string>
				<string>308BC69B168F394600BBE793</string>
				<string>308BC69C168F394600BBE793</string>
				<string>308BC69F168F396700BBE793</string>
				<string>308BC6A0168F396700BBE793</string>
			</array>
			<key>isa</key>
			<string>PBXGroup</string>
			<key>name</key>
			<string>View Controllers</string>
			<key>sourceTree</key>
			<string>&lt;group&gt;</string>
		</dict>
		<key>4498900785994EF0A24024F5</key>
		<dict>
			<key>includeInIndex</key>
			<string>1</string>
			<key>isa</key>
			<string>PBXFileReference</string>
			<key>lastKnownFileType</key>
			<string>text.xcconfig</string>
			<key>name</key>
			<string>Pods.xcconfig</string>
			<key>path</key>
			<string>Pods/Pods.xcconfig</string>
			<key>sourceTree</key>
			<string>SOURCE_ROOT</string>
		</dict>
		<key>AC2B72ECA6904E0FAC444B7E</key>
		<dict>
			<key>explicitFileType</key>
			<string>archive.ar</string>
			<key>includeInIndex</key>
			<string>0</string>
			<key>isa</key>
			<string>PBXFileReference</string>
			<key>name</key>
			<string>libPods.a</string>
			<key>path</key>
			<string>libPods.a</string>
			<key>sourceTree</key>
			<string>BUILT_PRODUCTS_DIR</string>
		</dict>
		<key>EC05936E168FB7CD0023898A</key>
		<dict>
			<key>children</key>
			<array>
				<string>EC05936F168FB7CD0023898A</string>
				<string>EC059376168FB7CD0023898A</string>
				<string>EC059377168FB7CD0023898A</string>
			</array>
			<key>isa</key>
			<string>PBXGroup</string>
			<key>name</key>
			<string>AviarySDK</string>
			<key>path</key>
			<string>Curved App/AviarySDK</string>
			<key>sourceTree</key>
			<string>&lt;group&gt;</string>
		</dict>
		<key>EC05936F168FB7CD0023898A</key>
		<dict>
			<key>children</key>
			<array>
				<string>EC059370168FB7CD0023898A</string>
				<string>EC059371168FB7CD0023898A</string>
				<string>EC059372168FB7CD0023898A</string>
				<string>EC059373168FB7CD0023898A</string>
				<string>EC059374168FB7CD0023898A</string>
				<string>EC059375168FB7CD0023898A</string>
			</array>
			<key>isa</key>
			<string>PBXGroup</string>
			<key>path</key>
			<string>Headers</string>
			<key>sourceTree</key>
			<string>&lt;group&gt;</string>
		</dict>
		<key>EC059370168FB7CD0023898A</key>
		<dict>
			<key>fileEncoding</key>
			<string>4</string>
			<key>isa</key>
			<string>PBXFileReference</string>
			<key>lastKnownFileType</key>
			<string>sourcecode.c.h</string>
			<key>path</key>
			<string>AFPhotoEditorContext.h</string>
			<key>sourceTree</key>
			<string>&lt;group&gt;</string>
		</dict>
		<key>EC059371168FB7CD0023898A</key>
		<dict>
			<key>fileEncoding</key>
			<string>4</string>
			<key>isa</key>
			<string>PBXFileReference</string>
			<key>lastKnownFileType</key>
			<string>sourcecode.c.h</string>
			<key>path</key>
			<string>AFPhotoEditorController.h</string>
			<key>sourceTree</key>
			<string>&lt;group&gt;</string>
		</dict>
		<key>EC059372168FB7CD0023898A</key>
		<dict>
			<key>fileEncoding</key>
			<string>4</string>
			<key>isa</key>
			<string>PBXFileReference</string>
			<key>lastKnownFileType</key>
			<string>sourcecode.c.h</string>
			<key>path</key>
			<string>AFPhotoEditorControllerOptions.h</string>
			<key>sourceTree</key>
			<string>&lt;group&gt;</string>
		</dict>
		<key>EC059373168FB7CD0023898A</key>
		<dict>
			<key>fileEncoding</key>
			<string>4</string>
			<key>isa</key>
			<string>PBXFileReference</string>
			<key>lastKnownFileType</key>
			<string>sourcecode.c.h</string>
			<key>path</key>
			<string>AFPhotoEditorCustomization.h</string>
			<key>sourceTree</key>
			<string>&lt;group&gt;</string>
		</dict>
		<key>EC059374168FB7CD0023898A</key>
		<dict>
			<key>fileEncoding</key>
			<string>4</string>
			<key>isa</key>
			<string>PBXFileReference</string>
			<key>lastKnownFileType</key>
			<string>sourcecode.c.h</string>
			<key>path</key>
			<string>AFPhotoEditorSession.h</string>
			<key>sourceTree</key>
			<string>&lt;group&gt;</string>
		</dict>
		<key>EC059375168FB7CD0023898A</key>
		<dict>
			<key>fileEncoding</key>
			<string>4</string>
			<key>isa</key>
			<string>PBXFileReference</string>
			<key>lastKnownFileType</key>
			<string>sourcecode.c.h</string>
			<key>path</key>
			<string>AFPhotoEditorStyle.h</string>
			<key>sourceTree</key>
			<string>&lt;group&gt;</string>
		</dict>
		<key>EC059376168FB7CD0023898A</key>
		<dict>
			<key>isa</key>
			<string>PBXFileReference</string>
			<key>lastKnownFileType</key>
			<string>archive.ar</string>
			<key>path</key>
			<string>libAviarySDK.a</string>
			<key>sourceTree</key>
			<string>&lt;group&gt;</string>
		</dict>
		<key>EC059377168FB7CD0023898A</key>
		<dict>
			<key>children</key>
			<array>
				<string>EC059378168FB7CD0023898A</string>
			</array>
			<key>isa</key>
			<string>PBXGroup</string>
			<key>path</key>
			<string>Resources</string>
			<key>sourceTree</key>
			<string>&lt;group&gt;</string>
		</dict>
		<key>EC059378168FB7CD0023898A</key>
		<dict>
			<key>isa</key>
			<string>PBXFileReference</string>
			<key>lastKnownFileType</key>
			<string>wrapper.plug-in</string>
			<key>path</key>
			<string>AviarySDKResources.bundle</string>
			<key>sourceTree</key>
			<string>&lt;group&gt;</string>
		</dict>
		<key>EC059379168FB7CD0023898A</key>
		<dict>
			<key>fileRef</key>
			<string>EC059376168FB7CD0023898A</string>
			<key>isa</key>
			<string>PBXBuildFile</string>
		</dict>
		<key>EC05937A168FB7CD0023898A</key>
		<dict>
			<key>fileRef</key>
			<string>EC059378168FB7CD0023898A</string>
			<key>isa</key>
			<string>PBXBuildFile</string>
		</dict>
		<key>EC05937B168FB8010023898A</key>
		<dict>
			<key>isa</key>
			<string>PBXFileReference</string>
			<key>lastKnownFileType</key>
			<string>wrapper.framework</string>
			<key>name</key>
			<string>Accelerate.framework</string>
			<key>path</key>
			<string>System/Library/Frameworks/Accelerate.framework</string>
			<key>sourceTree</key>
			<string>SDKROOT</string>
		</dict>
		<key>EC05937C168FB8010023898A</key>
		<dict>
			<key>fileRef</key>
			<string>EC05937B168FB8010023898A</string>
			<key>isa</key>
			<string>PBXBuildFile</string>
		</dict>
		<key>EC05937D168FB8080023898A</key>
		<dict>
			<key>isa</key>
			<string>PBXFileReference</string>
			<key>lastKnownFileType</key>
			<string>wrapper.framework</string>
			<key>name</key>
			<string>CoreData.framework</string>
			<key>path</key>
			<string>System/Library/Frameworks/CoreData.framework</string>
			<key>sourceTree</key>
			<string>SDKROOT</string>
		</dict>
		<key>EC05937E168FB8080023898A</key>
		<dict>
			<key>fileRef</key>
			<string>EC05937D168FB8080023898A</string>
			<key>isa</key>
			<string>PBXBuildFile</string>
		</dict>
		<key>EC05937F168FB8150023898A</key>
		<dict>
			<key>isa</key>
			<string>PBXFileReference</string>
			<key>lastKnownFileType</key>
			<string>compiled.mach-o.dylib</string>
			<key>name</key>
			<string>libsqlite3.0.dylib</string>
			<key>path</key>
			<string>usr/lib/libsqlite3.0.dylib</string>
			<key>sourceTree</key>
			<string>SDKROOT</string>
		</dict>
		<key>EC059380168FB8150023898A</key>
		<dict>
			<key>fileRef</key>
			<string>EC05937F168FB8150023898A</string>
			<key>isa</key>
			<string>PBXBuildFile</string>
		</dict>
		<key>EC059381168FB81E0023898A</key>
		<dict>
			<key>isa</key>
			<string>PBXFileReference</string>
			<key>lastKnownFileType</key>
			<string>compiled.mach-o.dylib</string>
			<key>name</key>
			<string>libz.1.2.5.dylib</string>
			<key>path</key>
			<string>usr/lib/libz.1.2.5.dylib</string>
			<key>sourceTree</key>
			<string>SDKROOT</string>
		</dict>
		<key>EC059382168FB81E0023898A</key>
		<dict>
			<key>fileRef</key>
			<string>EC059381168FB81E0023898A</string>
			<key>isa</key>
			<string>PBXBuildFile</string>
		</dict>
		<key>EC059383168FB8250023898A</key>
		<dict>
			<key>isa</key>
			<string>PBXFileReference</string>
			<key>lastKnownFileType</key>
			<string>wrapper.framework</string>
			<key>name</key>
			<string>QuartzCore.framework</string>
			<key>path</key>
			<string>System/Library/Frameworks/QuartzCore.framework</string>
			<key>sourceTree</key>
			<string>SDKROOT</string>
		</dict>
		<key>EC059384168FB8250023898A</key>
		<dict>
			<key>fileRef</key>
			<string>EC059383168FB8250023898A</string>
			<key>isa</key>
			<string>PBXBuildFile</string>
		</dict>
		<key>EC059385168FB82E0023898A</key>
		<dict>
			<key>isa</key>
			<string>PBXFileReference</string>
			<key>lastKnownFileType</key>
			<string>wrapper.framework</string>
			<key>name</key>
			<string>StoreKit.framework</string>
			<key>path</key>
			<string>System/Library/Frameworks/StoreKit.framework</string>
			<key>sourceTree</key>
			<string>SDKROOT</string>
		</dict>
		<key>EC059386168FB82E0023898A</key>
		<dict>
			<key>fileRef</key>
			<string>EC059385168FB82E0023898A</string>
			<key>isa</key>
			<string>PBXBuildFile</string>
		</dict>
		<key>EC059387168FB8390023898A</key>
		<dict>
			<key>isa</key>
			<string>PBXFileReference</string>
			<key>lastKnownFileType</key>
			<string>wrapper.framework</string>
			<key>name</key>
			<string>CoreText.framework</string>
			<key>path</key>
			<string>System/Library/Frameworks/CoreText.framework</string>
			<key>sourceTree</key>
			<string>SDKROOT</string>
		</dict>
		<key>EC059388168FB8390023898A</key>
		<dict>
			<key>fileRef</key>
			<string>EC059387168FB8390023898A</string>
			<key>isa</key>
			<string>PBXBuildFile</string>
		</dict>
		<key>EC059389168FB83F0023898A</key>
		<dict>
			<key>isa</key>
			<string>PBXFileReference</string>
			<key>lastKnownFileType</key>
			<string>wrapper.framework</string>
			<key>name</key>
			<string>OpenGLES.framework</string>
			<key>path</key>
			<string>System/Library/Frameworks/OpenGLES.framework</string>
			<key>sourceTree</key>
			<string>SDKROOT</string>
		</dict>
		<key>EC05938A168FB83F0023898A</key>
		<dict>
			<key>fileRef</key>
			<string>EC059389168FB83F0023898A</string>
			<key>isa</key>
			<string>PBXBuildFile</string>
		</dict>
		<key>EC05938B168FB8BC0023898A</key>
		<dict>
			<key>isa</key>
			<string>PBXFileReference</string>
			<key>lastKnownFileType</key>
			<string>image.png</string>
			<key>path</key>
			<string>Default-568h@2x.png</string>
			<key>sourceTree</key>
			<string>&lt;group&gt;</string>
		</dict>
		<key>EC05938C168FB8BC0023898A</key>
		<dict>
			<key>isa</key>
			<string>PBXFileReference</string>
			<key>lastKnownFileType</key>
			<string>image.png</string>
			<key>path</key>
			<string>Default.png</string>
			<key>sourceTree</key>
			<string>&lt;group&gt;</string>
		</dict>
		<key>EC05938D168FB8BC0023898A</key>
		<dict>
			<key>isa</key>
			<string>PBXFileReference</string>
			<key>lastKnownFileType</key>
			<string>image.png</string>
			<key>path</key>
			<string>Default@2x.png</string>
			<key>sourceTree</key>
			<string>&lt;group&gt;</string>
		</dict>
		<key>EC05938E168FB8BC0023898A</key>
		<dict>
			<key>fileRef</key>
			<string>EC05938B168FB8BC0023898A</string>
			<key>isa</key>
			<string>PBXBuildFile</string>
		</dict>
		<key>EC05938F168FB8BC0023898A</key>
		<dict>
			<key>fileRef</key>
			<string>EC05938C168FB8BC0023898A</string>
			<key>isa</key>
			<string>PBXBuildFile</string>
		</dict>
		<key>EC059390168FB8BC0023898A</key>
		<dict>
			<key>fileRef</key>
			<string>EC05938D168FB8BC0023898A</string>
			<key>isa</key>
			<string>PBXBuildFile</string>
		</dict>
		<key>EC503581168CE9F0008F7120</key>
		<dict>
			<key>fileEncoding</key>
			<string>4</string>
			<key>isa</key>
			<string>PBXFileReference</string>
			<key>lastKnownFileType</key>
			<string>sourcecode.c.h</string>
			<key>path</key>
			<string>PanoramaFrameViewController.h</string>
			<key>sourceTree</key>
			<string>&lt;group&gt;</string>
		</dict>
		<key>EC503582168CE9F0008F7120</key>
		<dict>
			<key>fileEncoding</key>
			<string>4</string>
			<key>isa</key>
			<string>PBXFileReference</string>
			<key>lastKnownFileType</key>
			<string>sourcecode.c.objc</string>
			<key>path</key>
			<string>PanoramaFrameViewController.m</string>
			<key>sourceTree</key>
			<string>&lt;group&gt;</string>
		</dict>
		<key>EC503583168CE9F0008F7120</key>
		<dict>
			<key>fileRef</key>
			<string>EC503582168CE9F0008F7120</string>
			<key>isa</key>
			<string>PBXBuildFile</string>
		</dict>
		<key>EC91927A1688D9F900CDD975</key>
		<dict>
			<key>children</key>
			<array>
				<string>EC05936E168FB7CD0023898A</string>
				<string>EC91928F1688D9FA00CDD975</string>
				<string>EC9192881688D9FA00CDD975</string>
				<string>EC9192861688D9FA00CDD975</string>
				<string>4498900785994EF0A24024F5</string>
			</array>
			<key>isa</key>
			<string>PBXGroup</string>
			<key>sourceTree</key>
			<string>&lt;group&gt;</string>
		</dict>
		<key>EC91927C1688D9FA00CDD975</key>
		<dict>
			<key>attributes</key>
			<dict>
				<key>CLASSPREFIX</key>
				<string>Curved</string>
				<key>LastUpgradeCheck</key>
				<string>0450</string>
				<key>ORGANIZATIONNAME</key>
				<string>Createch</string>
			</dict>
			<key>buildConfigurationList</key>
			<string>EC91927F1688D9FA00CDD975</string>
			<key>compatibilityVersion</key>
			<string>Xcode 3.2</string>
			<key>developmentRegion</key>
			<string>English</string>
			<key>hasScannedForEncodings</key>
			<string>0</string>
			<key>isa</key>
			<string>PBXProject</string>
			<key>knownRegions</key>
			<array>
				<string>en</string>
			</array>
			<key>mainGroup</key>
			<string>EC91927A1688D9F900CDD975</string>
			<key>productRefGroup</key>
			<string>EC9192861688D9FA00CDD975</string>
			<key>projectDirPath</key>
			<string></string>
			<key>projectReferences</key>
			<array/>
			<key>projectRoot</key>
			<string></string>
			<key>targets</key>
			<array>
				<string>EC9192841688D9FA00CDD975</string>
			</array>
		</dict>
		<key>EC91927F1688D9FA00CDD975</key>
		<dict>
			<key>buildConfigurations</key>
			<array>
				<string>EC9192A71688D9FA00CDD975</string>
				<string>EC9192A81688D9FA00CDD975</string>
			</array>
			<key>defaultConfigurationIsVisible</key>
			<string>0</string>
			<key>defaultConfigurationName</key>
			<string>Release</string>
			<key>isa</key>
			<string>XCConfigurationList</string>
		</dict>
		<key>EC9192811688D9FA00CDD975</key>
		<dict>
			<key>buildActionMask</key>
			<string>2147483647</string>
			<key>files</key>
			<array>
				<string>EC9192961688D9FA00CDD975</string>
				<string>EC91929A1688D9FA00CDD975</string>
				<string>EC503583168CE9F0008F7120</string>
				<string>ECE2194E168D441400988388</string>
				<string>30A0234C168EA00B009EC249</string>
				<string>308BC69D168F394600BBE793</string>
				<string>308BC6A1168F396700BBE793</string>
			</array>
			<key>isa</key>
			<string>PBXSourcesBuildPhase</string>
			<key>runOnlyForDeploymentPostprocessing</key>
			<string>0</string>
		</dict>
		<key>EC9192821688D9FA00CDD975</key>
		<dict>
			<key>buildActionMask</key>
			<string>2147483647</string>
			<key>files</key>
			<array>
				<string>EC05938A168FB83F0023898A</string>
				<string>EC059388168FB8390023898A</string>
				<string>EC059386168FB82E0023898A</string>
				<string>EC059384168FB8250023898A</string>
				<string>EC059382168FB81E0023898A</string>
				<string>EC059380168FB8150023898A</string>
				<string>EC05937E168FB8080023898A</string>
				<string>EC05937C168FB8010023898A</string>
				<string>EC91928A1688D9FA00CDD975</string>
				<string>EC91928C1688D9FA00CDD975</string>
				<string>EC91928E1688D9FA00CDD975</string>
				<string>EC059379168FB7CD0023898A</string>
				<string>F266B6C0A59A4B789CF5511E</string>
			</array>
			<key>isa</key>
			<string>PBXFrameworksBuildPhase</string>
			<key>runOnlyForDeploymentPostprocessing</key>
			<string>0</string>
		</dict>
		<key>EC9192831688D9FA00CDD975</key>
		<dict>
			<key>buildActionMask</key>
			<string>2147483647</string>
			<key>files</key>
			<array>
				<string>EC9192941688D9FA00CDD975</string>
				<string>EC9192A31688D9FA00CDD975</string>
				<string>EC05937A168FB7CD0023898A</string>
				<string>EC05938E168FB8BC0023898A</string>
				<string>EC05938F168FB8BC0023898A</string>
				<string>EC059390168FB8BC0023898A</string>
			</array>
			<key>isa</key>
			<string>PBXResourcesBuildPhase</string>
			<key>runOnlyForDeploymentPostprocessing</key>
			<string>0</string>
		</dict>
		<key>EC9192841688D9FA00CDD975</key>
		<dict>
			<key>buildConfigurationList</key>
			<string>EC9192A91688D9FA00CDD975</string>
			<key>buildPhases</key>
			<array>
				<string>30A02348168E9E3D009EC249</string>
				<string>EC9192811688D9FA00CDD975</string>
				<string>EC9192821688D9FA00CDD975</string>
				<string>EC9192831688D9FA00CDD975</string>
				<string>22A5ECC1A0764714B552AF14</string>
			</array>
			<key>buildRules</key>
			<array/>
			<key>dependencies</key>
			<array/>
			<key>isa</key>
			<string>PBXNativeTarget</string>
			<key>name</key>
			<string>Curved App</string>
			<key>productName</key>
			<string>Curved App</string>
			<key>productReference</key>
			<string>EC9192851688D9FA00CDD975</string>
			<key>productType</key>
			<string>com.apple.product-type.application</string>
		</dict>
		<key>EC9192851688D9FA00CDD975</key>
		<dict>
			<key>explicitFileType</key>
			<string>wrapper.application</string>
			<key>includeInIndex</key>
			<string>0</string>
			<key>isa</key>
			<string>PBXFileReference</string>
			<key>path</key>
			<string>Curved App.app</string>
			<key>sourceTree</key>
			<string>BUILT_PRODUCTS_DIR</string>
		</dict>
		<key>EC9192861688D9FA00CDD975</key>
		<dict>
			<key>children</key>
			<array>
				<string>EC9192851688D9FA00CDD975</string>
			</array>
			<key>isa</key>
			<string>PBXGroup</string>
			<key>name</key>
			<string>Products</string>
			<key>sourceTree</key>
			<string>&lt;group&gt;</string>
		</dict>
		<key>EC9192881688D9FA00CDD975</key>
		<dict>
			<key>children</key>
			<array>
				<string>EC059389168FB83F0023898A</string>
				<string>EC059387168FB8390023898A</string>
				<string>EC059385168FB82E0023898A</string>
				<string>EC059383168FB8250023898A</string>
				<string>EC059381168FB81E0023898A</string>
				<string>EC05937F168FB8150023898A</string>
				<string>EC05937D168FB8080023898A</string>
				<string>EC05937B168FB8010023898A</string>
				<string>EC9192891688D9FA00CDD975</string>
				<string>EC91928B1688D9FA00CDD975</string>
				<string>EC91928D1688D9FA00CDD975</string>
				<string>AC2B72ECA6904E0FAC444B7E</string>
			</array>
			<key>isa</key>
			<string>PBXGroup</string>
			<key>name</key>
			<string>Frameworks</string>
			<key>sourceTree</key>
			<string>&lt;group&gt;</string>
		</dict>
		<key>EC9192891688D9FA00CDD975</key>
		<dict>
			<key>isa</key>
			<string>PBXFileReference</string>
			<key>lastKnownFileType</key>
			<string>wrapper.framework</string>
			<key>name</key>
			<string>UIKit.framework</string>
			<key>path</key>
			<string>System/Library/Frameworks/UIKit.framework</string>
			<key>sourceTree</key>
			<string>SDKROOT</string>
		</dict>
		<key>EC91928A1688D9FA00CDD975</key>
		<dict>
			<key>fileRef</key>
			<string>EC9192891688D9FA00CDD975</string>
			<key>isa</key>
			<string>PBXBuildFile</string>
		</dict>
		<key>EC91928B1688D9FA00CDD975</key>
		<dict>
			<key>isa</key>
			<string>PBXFileReference</string>
			<key>lastKnownFileType</key>
			<string>wrapper.framework</string>
			<key>name</key>
			<string>Foundation.framework</string>
			<key>path</key>
			<string>System/Library/Frameworks/Foundation.framework</string>
			<key>sourceTree</key>
			<string>SDKROOT</string>
		</dict>
		<key>EC91928C1688D9FA00CDD975</key>
		<dict>
			<key>fileRef</key>
			<string>EC91928B1688D9FA00CDD975</string>
			<key>isa</key>
			<string>PBXBuildFile</string>
		</dict>
		<key>EC91928D1688D9FA00CDD975</key>
		<dict>
			<key>isa</key>
			<string>PBXFileReference</string>
			<key>lastKnownFileType</key>
			<string>wrapper.framework</string>
			<key>name</key>
			<string>CoreGraphics.framework</string>
			<key>path</key>
			<string>System/Library/Frameworks/CoreGraphics.framework</string>
			<key>sourceTree</key>
			<string>SDKROOT</string>
		</dict>
		<key>EC91928E1688D9FA00CDD975</key>
		<dict>
			<key>fileRef</key>
			<string>EC91928D1688D9FA00CDD975</string>
			<key>isa</key>
			<string>PBXBuildFile</string>
		</dict>
		<key>EC91928F1688D9FA00CDD975</key>
		<dict>
			<key>children</key>
			<array>
				<string>EC05938B168FB8BC0023898A</string>
				<string>EC05938C168FB8BC0023898A</string>
				<string>EC05938D168FB8BC0023898A</string>
				<string>EC9192A11688D9FA00CDD975</string>
				<string>EC9192981688D9FA00CDD975</string>
				<string>EC9192991688D9FA00CDD975</string>
				<string>30A0234D168EA016009EC249</string>
				<string>EC9192901688D9FA00CDD975</string>
			</array>
			<key>isa</key>
			<string>PBXGroup</string>
			<key>path</key>
			<string>Curved App</string>
			<key>sourceTree</key>
			<string>&lt;group&gt;</string>
		</dict>
		<key>EC9192901688D9FA00CDD975</key>
		<dict>
			<key>children</key>
			<array>
				<string>ECE21950168D47F200988388</string>
				<string>EC9192911688D9FA00CDD975</string>
				<string>EC9192921688D9FA00CDD975</string>
				<string>EC9192951688D9FA00CDD975</string>
				<string>EC9192971688D9FA00CDD975</string>
			</array>
			<key>isa</key>
			<string>PBXGroup</string>
			<key>name</key>
			<string>Supporting Files</string>
			<key>sourceTree</key>
			<string>&lt;group&gt;</string>
		</dict>
		<key>EC9192911688D9FA00CDD975</key>
		<dict>
			<key>isa</key>
			<string>PBXFileReference</string>
			<key>lastKnownFileType</key>
			<string>text.plist.xml</string>
			<key>path</key>
			<string>Curved App-Info.plist</string>
			<key>sourceTree</key>
			<string>&lt;group&gt;</string>
		</dict>
		<key>EC9192921688D9FA00CDD975</key>
		<dict>
			<key>children</key>
			<array>
				<string>EC9192931688D9FA00CDD975</string>
			</array>
			<key>isa</key>
			<string>PBXVariantGroup</string>
			<key>name</key>
			<string>InfoPlist.strings</string>
			<key>sourceTree</key>
			<string>&lt;group&gt;</string>
		</dict>
		<key>EC9192931688D9FA00CDD975</key>
		<dict>
			<key>isa</key>
			<string>PBXFileReference</string>
			<key>lastKnownFileType</key>
			<string>text.plist.strings</string>
			<key>name</key>
			<string>en</string>
			<key>path</key>
			<string>en.lproj/InfoPlist.strings</string>
			<key>sourceTree</key>
			<string>&lt;group&gt;</string>
		</dict>
		<key>EC9192941688D9FA00CDD975</key>
		<dict>
			<key>fileRef</key>
			<string>EC9192921688D9FA00CDD975</string>
			<key>isa</key>
			<string>PBXBuildFile</string>
		</dict>
		<key>EC9192951688D9FA00CDD975</key>
		<dict>
			<key>isa</key>
			<string>PBXFileReference</string>
			<key>lastKnownFileType</key>
			<string>sourcecode.c.objc</string>
			<key>path</key>
			<string>main.m</string>
			<key>sourceTree</key>
			<string>&lt;group&gt;</string>
		</dict>
		<key>EC9192961688D9FA00CDD975</key>
		<dict>
			<key>fileRef</key>
			<string>EC9192951688D9FA00CDD975</string>
			<key>isa</key>
			<string>PBXBuildFile</string>
		</dict>
		<key>EC9192971688D9FA00CDD975</key>
		<dict>
			<key>isa</key>
			<string>PBXFileReference</string>
			<key>lastKnownFileType</key>
			<string>sourcecode.c.h</string>
			<key>path</key>
			<string>Curved App-Prefix.pch</string>
			<key>sourceTree</key>
			<string>&lt;group&gt;</string>
		</dict>
		<key>EC9192981688D9FA00CDD975</key>
		<dict>
			<key>isa</key>
			<string>PBXFileReference</string>
			<key>lastKnownFileType</key>
			<string>sourcecode.c.h</string>
			<key>path</key>
			<string>CurvedAppDelegate.h</string>
			<key>sourceTree</key>
			<string>&lt;group&gt;</string>
		</dict>
		<key>EC9192991688D9FA00CDD975</key>
		<dict>
			<key>isa</key>
			<string>PBXFileReference</string>
			<key>lastKnownFileType</key>
			<string>sourcecode.c.objc</string>
			<key>path</key>
			<string>CurvedAppDelegate.m</string>
			<key>sourceTree</key>
			<string>&lt;group&gt;</string>
		</dict>
		<key>EC91929A1688D9FA00CDD975</key>
		<dict>
			<key>fileRef</key>
			<string>EC9192991688D9FA00CDD975</string>
			<key>isa</key>
			<string>PBXBuildFile</string>
		</dict>
		<key>EC91929B1688D9FA00CDD975</key>
		<dict>
			<key>isa</key>
			<string>PBXFileReference</string>
			<key>lastKnownFileType</key>
			<string>image.png</string>
			<key>name</key>
			<string>Default.png</string>
			<key>path</key>
			<string>../Default.png</string>
			<key>sourceTree</key>
			<string>&lt;group&gt;</string>
		</dict>
		<key>EC91929D1688D9FA00CDD975</key>
		<dict>
			<key>isa</key>
			<string>PBXFileReference</string>
			<key>lastKnownFileType</key>
			<string>image.png</string>
			<key>name</key>
			<string>Default@2x.png</string>
			<key>path</key>
			<string>../Default@2x.png</string>
			<key>sourceTree</key>
			<string>&lt;group&gt;</string>
		</dict>
		<key>EC91929F1688D9FA00CDD975</key>
		<dict>
			<key>isa</key>
			<string>PBXFileReference</string>
			<key>lastKnownFileType</key>
			<string>image.png</string>
			<key>name</key>
			<string>Default-568h@2x.png</string>
			<key>path</key>
			<string>../Default-568h@2x.png</string>
			<key>sourceTree</key>
			<string>&lt;group&gt;</string>
		</dict>
		<key>EC9192A11688D9FA00CDD975</key>
		<dict>
			<key>children</key>
			<array>
				<string>EC9192A21688D9FA00CDD975</string>
			</array>
			<key>isa</key>
			<string>PBXVariantGroup</string>
			<key>name</key>
			<string>MainStoryboard.storyboard</string>
			<key>sourceTree</key>
			<string>&lt;group&gt;</string>
		</dict>
		<key>EC9192A21688D9FA00CDD975</key>
		<dict>
			<key>isa</key>
			<string>PBXFileReference</string>
			<key>lastKnownFileType</key>
			<string>file.storyboard</string>
			<key>name</key>
			<string>en</string>
			<key>path</key>
			<string>en.lproj/MainStoryboard.storyboard</string>
			<key>sourceTree</key>
			<string>&lt;group&gt;</string>
		</dict>
		<key>EC9192A31688D9FA00CDD975</key>
		<dict>
			<key>fileRef</key>
			<string>EC9192A11688D9FA00CDD975</string>
			<key>isa</key>
			<string>PBXBuildFile</string>
		</dict>
		<key>EC9192A71688D9FA00CDD975</key>
		<dict>
			<key>buildSettings</key>
			<dict>
				<key>ALWAYS_SEARCH_USER_PATHS</key>
				<string>NO</string>
				<key>CLANG_CXX_LANGUAGE_STANDARD</key>
				<string>gnu++0x</string>
				<key>CLANG_CXX_LIBRARY</key>
				<string>libc++</string>
				<key>CLANG_ENABLE_OBJC_ARC</key>
				<string>YES</string>
				<key>CLANG_WARN_EMPTY_BODY</key>
				<string>YES</string>
				<key>CLANG_WARN__DUPLICATE_METHOD_MATCH</key>
				<string>YES</string>
				<key>CODE_SIGN_IDENTITY[sdk=iphoneos*]</key>
				<string>iPhone Developer</string>
				<key>COPY_PHASE_STRIP</key>
				<string>NO</string>
				<key>GCC_C_LANGUAGE_STANDARD</key>
				<string>gnu99</string>
				<key>GCC_DYNAMIC_NO_PIC</key>
				<string>NO</string>
				<key>GCC_OPTIMIZATION_LEVEL</key>
				<string>0</string>
				<key>GCC_PREPROCESSOR_DEFINITIONS</key>
				<array>
					<string>DEBUG=1</string>
					<string>$(inherited)</string>
				</array>
				<key>GCC_SYMBOLS_PRIVATE_EXTERN</key>
				<string>NO</string>
				<key>GCC_WARN_ABOUT_RETURN_TYPE</key>
				<string>YES</string>
				<key>GCC_WARN_UNINITIALIZED_AUTOS</key>
				<string>YES</string>
				<key>GCC_WARN_UNUSED_VARIABLE</key>
				<string>YES</string>
				<key>IPHONEOS_DEPLOYMENT_TARGET</key>
				<string>6.0</string>
				<key>ONLY_ACTIVE_ARCH</key>
				<string>YES</string>
				<key>SDKROOT</key>
				<string>iphoneos</string>
			</dict>
			<key>isa</key>
			<string>XCBuildConfiguration</string>
			<key>name</key>
			<string>Debug</string>
		</dict>
		<key>EC9192A81688D9FA00CDD975</key>
		<dict>
			<key>buildSettings</key>
			<dict>
				<key>ALWAYS_SEARCH_USER_PATHS</key>
				<string>NO</string>
				<key>CLANG_CXX_LANGUAGE_STANDARD</key>
				<string>gnu++0x</string>
				<key>CLANG_CXX_LIBRARY</key>
				<string>libc++</string>
				<key>CLANG_ENABLE_OBJC_ARC</key>
				<string>YES</string>
				<key>CLANG_WARN_EMPTY_BODY</key>
				<string>YES</string>
				<key>CLANG_WARN__DUPLICATE_METHOD_MATCH</key>
				<string>YES</string>
				<key>CODE_SIGN_IDENTITY[sdk=iphoneos*]</key>
				<string>iPhone Developer</string>
				<key>COPY_PHASE_STRIP</key>
				<string>YES</string>
				<key>GCC_C_LANGUAGE_STANDARD</key>
				<string>gnu99</string>
				<key>GCC_WARN_ABOUT_RETURN_TYPE</key>
				<string>YES</string>
				<key>GCC_WARN_UNINITIALIZED_AUTOS</key>
				<string>YES</string>
				<key>GCC_WARN_UNUSED_VARIABLE</key>
				<string>YES</string>
				<key>IPHONEOS_DEPLOYMENT_TARGET</key>
				<string>6.0</string>
				<key>OTHER_CFLAGS</key>
				<string>-DNS_BLOCK_ASSERTIONS=1</string>
				<key>SDKROOT</key>
				<string>iphoneos</string>
				<key>VALIDATE_PRODUCT</key>
				<string>YES</string>
			</dict>
			<key>isa</key>
			<string>XCBuildConfiguration</string>
			<key>name</key>
			<string>Release</string>
		</dict>
		<key>EC9192A91688D9FA00CDD975</key>
		<dict>
			<key>buildConfigurations</key>
			<array>
				<string>EC9192AA1688D9FA00CDD975</string>
				<string>EC9192AB1688D9FA00CDD975</string>
			</array>
			<key>defaultConfigurationIsVisible</key>
			<string>0</string>
			<key>defaultConfigurationName</key>
			<string>Release</string>
			<key>isa</key>
			<string>XCConfigurationList</string>
		</dict>
		<key>EC9192AA1688D9FA00CDD975</key>
		<dict>
			<key>baseConfigurationReference</key>
			<string>4498900785994EF0A24024F5</string>
			<key>buildSettings</key>
			<dict>
				<key>GCC_PRECOMPILE_PREFIX_HEADER</key>
				<string>YES</string>
				<key>GCC_PREFIX_HEADER</key>
				<string>Curved App/Curved App-Prefix.pch</string>
				<key>INFOPLIST_FILE</key>
				<string>Curved App/Curved App-Info.plist</string>
				<key>IPHONEOS_DEPLOYMENT_TARGET</key>
				<string>6.0</string>
				<key>LIBRARY_SEARCH_PATHS</key>
				<array>
					<string>$(inherited)</string>
					<string>"$(SRCROOT)/Curved App/AviarySDK"</string>
				</array>
				<key>OTHER_LDFLAGS</key>
				<array>
					<string>-ObjC</string>
					<string>-all_load</string>
					<string>-fobjc-arc</string>
				</array>
				<key>PRODUCT_NAME</key>
				<string>$(TARGET_NAME)</string>
				<key>WRAPPER_EXTENSION</key>
				<string>app</string>
			</dict>
			<key>isa</key>
			<string>XCBuildConfiguration</string>
			<key>name</key>
			<string>Debug</string>
		</dict>
		<key>EC9192AB1688D9FA00CDD975</key>
		<dict>
			<key>baseConfigurationReference</key>
			<string>4498900785994EF0A24024F5</string>
			<key>buildSettings</key>
			<dict>
				<key>GCC_PRECOMPILE_PREFIX_HEADER</key>
				<string>YES</string>
				<key>GCC_PREFIX_HEADER</key>
				<string>Curved App/Curved App-Prefix.pch</string>
				<key>INFOPLIST_FILE</key>
				<string>Curved App/Curved App-Info.plist</string>
				<key>IPHONEOS_DEPLOYMENT_TARGET</key>
				<string>6.0</string>
				<key>LIBRARY_SEARCH_PATHS</key>
				<array>
					<string>$(inherited)</string>
					<string>"$(SRCROOT)/Curved App/AviarySDK"</string>
				</array>
				<key>OTHER_LDFLAGS</key>
				<array>
					<string>-ObjC</string>
					<string>-all_load</string>
					<string>-fobjc-arc</string>
				</array>
				<key>PRODUCT_NAME</key>
				<string>$(TARGET_NAME)</string>
				<key>WRAPPER_EXTENSION</key>
				<string>app</string>
			</dict>
			<key>isa</key>
			<string>XCBuildConfiguration</string>
			<key>name</key>
			<string>Release</string>
		</dict>
		<key>ECE2194C168D441400988388</key>
		<dict>
			<key>fileEncoding</key>
			<string>4</string>
			<key>isa</key>
			<string>PBXFileReference</string>
			<key>lastKnownFileType</key>
			<string>sourcecode.c.h</string>
			<key>path</key>
			<string>ShippingInformationViewController.h</string>
			<key>sourceTree</key>
			<string>&lt;group&gt;</string>
		</dict>
		<key>ECE2194D168D441400988388</key>
		<dict>
			<key>fileEncoding</key>
			<string>4</string>
			<key>isa</key>
			<string>PBXFileReference</string>
			<key>lastKnownFileType</key>
			<string>sourcecode.c.objc</string>
			<key>path</key>
			<string>ShippingInformationViewController.m</string>
			<key>sourceTree</key>
			<string>&lt;group&gt;</string>
		</dict>
		<key>ECE2194E168D441400988388</key>
		<dict>
			<key>fileRef</key>
			<string>ECE2194D168D441400988388</string>
			<key>isa</key>
			<string>PBXBuildFile</string>
		</dict>
		<key>ECE21950168D47F200988388</key>
		<dict>
			<key>children</key>
			<array>
				<string>EC91929B1688D9FA00CDD975</string>
				<string>EC91929D1688D9FA00CDD975</string>
				<string>EC91929F1688D9FA00CDD975</string>
			</array>
			<key>isa</key>
			<string>PBXGroup</string>
			<key>name</key>
			<string>Graphics</string>
			<key>path</key>
			<string>images</string>
			<key>sourceTree</key>
			<string>&lt;group&gt;</string>
		</dict>
		<key>F266B6C0A59A4B789CF5511E</key>
		<dict>
			<key>fileRef</key>
			<string>AC2B72ECA6904E0FAC444B7E</string>
			<key>isa</key>
			<string>PBXBuildFile</string>
			<key>settings</key>
			<dict/>
		</dict>
	</dict>
	<key>rootObject</key>
	<string>EC91927C1688D9FA00CDD975</string>
</dict>
</plist>
