// !$*UTF8*$!
{
	archiveVersion = 1;
	classes = {
	};
	objectVersion = 46;
	objects = {

/* Begin PBXBuildFile section */
		308BC69D168F394600BBE793 /* CheckoutViewController.m in Sources */ = {isa = PBXBuildFile; fileRef = 308BC69C168F394600BBE793 /* CheckoutViewController.m */; };
		308BC6A1168F396700BBE793 /* GraciasViewController.m in Sources */ = {isa = PBXBuildFile; fileRef = 308BC6A0168F396700BBE793 /* GraciasViewController.m */; };
		30A0234C168EA00B009EC249 /* MainMenuViewController.m in Sources */ = {isa = PBXBuildFile; fileRef = 30A0234B168EA00B009EC249 /* MainMenuViewController.m */; };
		EC059379168FB7CD0023898A /* libAviarySDK.a in Frameworks */ = {isa = PBXBuildFile; fileRef = EC059376168FB7CD0023898A /* libAviarySDK.a */; };
		EC05937A168FB7CD0023898A /* AviarySDKResources.bundle in Resources */ = {isa = PBXBuildFile; fileRef = EC059378168FB7CD0023898A /* AviarySDKResources.bundle */; };
		EC05937C168FB8010023898A /* Accelerate.framework in Frameworks */ = {isa = PBXBuildFile; fileRef = EC05937B168FB8010023898A /* Accelerate.framework */; };
		EC05937E168FB8080023898A /* CoreData.framework in Frameworks */ = {isa = PBXBuildFile; fileRef = EC05937D168FB8080023898A /* CoreData.framework */; };
		EC059380168FB8150023898A /* libsqlite3.0.dylib in Frameworks */ = {isa = PBXBuildFile; fileRef = EC05937F168FB8150023898A /* libsqlite3.0.dylib */; };
		EC059382168FB81E0023898A /* libz.1.2.5.dylib in Frameworks */ = {isa = PBXBuildFile; fileRef = EC059381168FB81E0023898A /* libz.1.2.5.dylib */; };
		EC059384168FB8250023898A /* QuartzCore.framework in Frameworks */ = {isa = PBXBuildFile; fileRef = EC059383168FB8250023898A /* QuartzCore.framework */; };
		EC059386168FB82E0023898A /* StoreKit.framework in Frameworks */ = {isa = PBXBuildFile; fileRef = EC059385168FB82E0023898A /* StoreKit.framework */; };
		EC059388168FB8390023898A /* CoreText.framework in Frameworks */ = {isa = PBXBuildFile; fileRef = EC059387168FB8390023898A /* CoreText.framework */; };
		EC05938A168FB83F0023898A /* OpenGLES.framework in Frameworks */ = {isa = PBXBuildFile; fileRef = EC059389168FB83F0023898A /* OpenGLES.framework */; };
		EC05938E168FB8BC0023898A /* Default-568h@2x.png in Resources */ = {isa = PBXBuildFile; fileRef = EC05938B168FB8BC0023898A /* Default-568h@2x.png */; };
		EC05938F168FB8BC0023898A /* Default.png in Resources */ = {isa = PBXBuildFile; fileRef = EC05938C168FB8BC0023898A /* Default.png */; };
		EC059390168FB8BC0023898A /* Default@2x.png in Resources */ = {isa = PBXBuildFile; fileRef = EC05938D168FB8BC0023898A /* Default@2x.png */; };
		EC263B8A1691476E00B7000D /* NLImageCropperView.m in Sources */ = {isa = PBXBuildFile; fileRef = EC263B841691476E00B7000D /* NLImageCropperView.m */; };
		EC263B8C1691476E00B7000D /* NLCropViewLayer.m in Sources */ = {isa = PBXBuildFile; fileRef = EC263B881691476E00B7000D /* NLCropViewLayer.m */; };
		EC263BAD1692476F00B7000D /* README.md in Resources */ = {isa = PBXBuildFile; fileRef = EC263BA61692476F00B7000D /* README.md */; };
		EC263BAE1692476F00B7000D /* UIImage+Alpha.m in Sources */ = {isa = PBXBuildFile; fileRef = EC263BA81692476F00B7000D /* UIImage+Alpha.m */; };
		EC263BAF1692476F00B7000D /* UIImage+Resize.m in Sources */ = {isa = PBXBuildFile; fileRef = EC263BAA1692476F00B7000D /* UIImage+Resize.m */; };
		EC263BB01692476F00B7000D /* UIImage+RoundedCorner.m in Sources */ = {isa = PBXBuildFile; fileRef = EC263BAC1692476F00B7000D /* UIImage+RoundedCorner.m */; };
		EC263BB216924B1B00B7000D /* corner.png in Resources */ = {isa = PBXBuildFile; fileRef = EC263BB116924B1B00B7000D /* corner.png */; };
		EC503583168CE9F0008F7120 /* ImagePickerViewController.m in Sources */ = {isa = PBXBuildFile; fileRef = EC503582168CE9F0008F7120 /* ImagePickerViewController.m */; };
		EC91928A1688D9FA00CDD975 /* UIKit.framework in Frameworks */ = {isa = PBXBuildFile; fileRef = EC9192891688D9FA00CDD975 /* UIKit.framework */; };
		EC91928C1688D9FA00CDD975 /* Foundation.framework in Frameworks */ = {isa = PBXBuildFile; fileRef = EC91928B1688D9FA00CDD975 /* Foundation.framework */; };
		EC91928E1688D9FA00CDD975 /* CoreGraphics.framework in Frameworks */ = {isa = PBXBuildFile; fileRef = EC91928D1688D9FA00CDD975 /* CoreGraphics.framework */; };
		EC9192941688D9FA00CDD975 /* InfoPlist.strings in Resources */ = {isa = PBXBuildFile; fileRef = EC9192921688D9FA00CDD975 /* InfoPlist.strings */; };
		EC9192961688D9FA00CDD975 /* main.m in Sources */ = {isa = PBXBuildFile; fileRef = EC9192951688D9FA00CDD975 /* main.m */; };
		EC91929A1688D9FA00CDD975 /* CurvedAppDelegate.m in Sources */ = {isa = PBXBuildFile; fileRef = EC9192991688D9FA00CDD975 /* CurvedAppDelegate.m */; };
		EC9192A31688D9FA00CDD975 /* MainStoryboard.storyboard in Resources */ = {isa = PBXBuildFile; fileRef = EC9192A11688D9FA00CDD975 /* MainStoryboard.storyboard */; };
		ECE2194E168D441400988388 /* ShippingInformationViewController.m in Sources */ = {isa = PBXBuildFile; fileRef = ECE2194D168D441400988388 /* ShippingInformationViewController.m */; };
/* End PBXBuildFile section */

/* Begin PBXFileReference section */
		308BC69B168F394600BBE793 /* CheckoutViewController.h */ = {isa = PBXFileReference; fileEncoding = 4; lastKnownFileType = sourcecode.c.h; path = CheckoutViewController.h; sourceTree = "<group>"; };
		308BC69C168F394600BBE793 /* CheckoutViewController.m */ = {isa = PBXFileReference; fileEncoding = 4; lastKnownFileType = sourcecode.c.objc; path = CheckoutViewController.m; sourceTree = "<group>"; };
		308BC69F168F396700BBE793 /* GraciasViewController.h */ = {isa = PBXFileReference; fileEncoding = 4; lastKnownFileType = sourcecode.c.h; path = GraciasViewController.h; sourceTree = "<group>"; };
		308BC6A0168F396700BBE793 /* GraciasViewController.m */ = {isa = PBXFileReference; fileEncoding = 4; lastKnownFileType = sourcecode.c.objc; path = GraciasViewController.m; sourceTree = "<group>"; };
		30A0234A168EA00B009EC249 /* MainMenuViewController.h */ = {isa = PBXFileReference; fileEncoding = 4; lastKnownFileType = sourcecode.c.h; path = MainMenuViewController.h; sourceTree = "<group>"; };
		30A0234B168EA00B009EC249 /* MainMenuViewController.m */ = {isa = PBXFileReference; fileEncoding = 4; lastKnownFileType = sourcecode.c.objc; path = MainMenuViewController.m; sourceTree = "<group>"; };
		EC059370168FB7CD0023898A /* AFPhotoEditorContext.h */ = {isa = PBXFileReference; fileEncoding = 4; lastKnownFileType = sourcecode.c.h; path = AFPhotoEditorContext.h; sourceTree = "<group>"; };
		EC059371168FB7CD0023898A /* AFPhotoEditorController.h */ = {isa = PBXFileReference; fileEncoding = 4; lastKnownFileType = sourcecode.c.h; path = AFPhotoEditorController.h; sourceTree = "<group>"; };
		EC059372168FB7CD0023898A /* AFPhotoEditorControllerOptions.h */ = {isa = PBXFileReference; fileEncoding = 4; lastKnownFileType = sourcecode.c.h; path = AFPhotoEditorControllerOptions.h; sourceTree = "<group>"; };
		EC059373168FB7CD0023898A /* AFPhotoEditorCustomization.h */ = {isa = PBXFileReference; fileEncoding = 4; lastKnownFileType = sourcecode.c.h; path = AFPhotoEditorCustomization.h; sourceTree = "<group>"; };
		EC059374168FB7CD0023898A /* AFPhotoEditorSession.h */ = {isa = PBXFileReference; fileEncoding = 4; lastKnownFileType = sourcecode.c.h; path = AFPhotoEditorSession.h; sourceTree = "<group>"; };
		EC059375168FB7CD0023898A /* AFPhotoEditorStyle.h */ = {isa = PBXFileReference; fileEncoding = 4; lastKnownFileType = sourcecode.c.h; path = AFPhotoEditorStyle.h; sourceTree = "<group>"; };
		EC059376168FB7CD0023898A /* libAviarySDK.a */ = {isa = PBXFileReference; lastKnownFileType = archive.ar; path = libAviarySDK.a; sourceTree = "<group>"; };
		EC059378168FB7CD0023898A /* AviarySDKResources.bundle */ = {isa = PBXFileReference; lastKnownFileType = "wrapper.plug-in"; path = AviarySDKResources.bundle; sourceTree = "<group>"; };
		EC05937B168FB8010023898A /* Accelerate.framework */ = {isa = PBXFileReference; lastKnownFileType = wrapper.framework; name = Accelerate.framework; path = System/Library/Frameworks/Accelerate.framework; sourceTree = SDKROOT; };
		EC05937D168FB8080023898A /* CoreData.framework */ = {isa = PBXFileReference; lastKnownFileType = wrapper.framework; name = CoreData.framework; path = System/Library/Frameworks/CoreData.framework; sourceTree = SDKROOT; };
		EC05937F168FB8150023898A /* libsqlite3.0.dylib */ = {isa = PBXFileReference; lastKnownFileType = "compiled.mach-o.dylib"; name = libsqlite3.0.dylib; path = usr/lib/libsqlite3.0.dylib; sourceTree = SDKROOT; };
		EC059381168FB81E0023898A /* libz.1.2.5.dylib */ = {isa = PBXFileReference; lastKnownFileType = "compiled.mach-o.dylib"; name = libz.1.2.5.dylib; path = usr/lib/libz.1.2.5.dylib; sourceTree = SDKROOT; };
		EC059383168FB8250023898A /* QuartzCore.framework */ = {isa = PBXFileReference; lastKnownFileType = wrapper.framework; name = QuartzCore.framework; path = System/Library/Frameworks/QuartzCore.framework; sourceTree = SDKROOT; };
		EC059385168FB82E0023898A /* StoreKit.framework */ = {isa = PBXFileReference; lastKnownFileType = wrapper.framework; name = StoreKit.framework; path = System/Library/Frameworks/StoreKit.framework; sourceTree = SDKROOT; };
		EC059387168FB8390023898A /* CoreText.framework */ = {isa = PBXFileReference; lastKnownFileType = wrapper.framework; name = CoreText.framework; path = System/Library/Frameworks/CoreText.framework; sourceTree = SDKROOT; };
		EC059389168FB83F0023898A /* OpenGLES.framework */ = {isa = PBXFileReference; lastKnownFileType = wrapper.framework; name = OpenGLES.framework; path = System/Library/Frameworks/OpenGLES.framework; sourceTree = SDKROOT; };
		EC05938B168FB8BC0023898A /* Default-568h@2x.png */ = {isa = PBXFileReference; lastKnownFileType = image.png; path = "Default-568h@2x.png"; sourceTree = "<group>"; };
		EC05938C168FB8BC0023898A /* Default.png */ = {isa = PBXFileReference; lastKnownFileType = image.png; path = Default.png; sourceTree = "<group>"; };
		EC05938D168FB8BC0023898A /* Default@2x.png */ = {isa = PBXFileReference; lastKnownFileType = image.png; path = "Default@2x.png"; sourceTree = "<group>"; };
		EC263B841691476E00B7000D /* NLImageCropperView.m */ = {isa = PBXFileReference; fileEncoding = 4; lastKnownFileType = sourcecode.c.objc; name = NLImageCropperView.m; path = "Curved App/NLImageCropper/NLImageCropper/NLImageCropperView.m"; sourceTree = "<group>"; };
		EC263B861691476E00B7000D /* NLImageCropperView.h */ = {isa = PBXFileReference; fileEncoding = 4; lastKnownFileType = sourcecode.c.h; name = NLImageCropperView.h; path = "Curved App/NLImageCropper/NLImageCropper/NLImageCropperView.h"; sourceTree = "<group>"; };
		EC263B871691476E00B7000D /* NLCropViewLayer.h */ = {isa = PBXFileReference; fileEncoding = 4; lastKnownFileType = sourcecode.c.h; name = NLCropViewLayer.h; path = "Curved App/NLImageCropper/NLImageCropper/NLCropViewLayer.h"; sourceTree = "<group>"; };
		EC263B881691476E00B7000D /* NLCropViewLayer.m */ = {isa = PBXFileReference; fileEncoding = 4; lastKnownFileType = sourcecode.c.objc; name = NLCropViewLayer.m; path = "Curved App/NLImageCropper/NLImageCropper/NLCropViewLayer.m"; sourceTree = "<group>"; };
		EC263BA61692476F00B7000D /* README.md */ = {isa = PBXFileReference; fileEncoding = 4; lastKnownFileType = text; path = README.md; sourceTree = "<group>"; };
		EC263BA71692476F00B7000D /* UIImage+Alpha.h */ = {isa = PBXFileReference; fileEncoding = 4; lastKnownFileType = sourcecode.c.h; path = "UIImage+Alpha.h"; sourceTree = "<group>"; };
		EC263BA81692476F00B7000D /* UIImage+Alpha.m */ = {isa = PBXFileReference; fileEncoding = 4; lastKnownFileType = sourcecode.c.objc; path = "UIImage+Alpha.m"; sourceTree = "<group>"; };
		EC263BA91692476F00B7000D /* UIImage+Resize.h */ = {isa = PBXFileReference; fileEncoding = 4; lastKnownFileType = sourcecode.c.h; path = "UIImage+Resize.h"; sourceTree = "<group>"; };
		EC263BAA1692476F00B7000D /* UIImage+Resize.m */ = {isa = PBXFileReference; fileEncoding = 4; lastKnownFileType = sourcecode.c.objc; path = "UIImage+Resize.m"; sourceTree = "<group>"; };
		EC263BAB1692476F00B7000D /* UIImage+RoundedCorner.h */ = {isa = PBXFileReference; fileEncoding = 4; lastKnownFileType = sourcecode.c.h; path = "UIImage+RoundedCorner.h"; sourceTree = "<group>"; };
		EC263BAC1692476F00B7000D /* UIImage+RoundedCorner.m */ = {isa = PBXFileReference; fileEncoding = 4; lastKnownFileType = sourcecode.c.objc; path = "UIImage+RoundedCorner.m"; sourceTree = "<group>"; };
		EC263BB116924B1B00B7000D /* corner.png */ = {isa = PBXFileReference; lastKnownFileType = image.png; name = corner.png; path = "Curved App/NLImageCropper/NLImageCropper/corner.png"; sourceTree = "<group>"; };
		EC503581168CE9F0008F7120 /* ImagePickerViewController.h */ = {isa = PBXFileReference; fileEncoding = 4; lastKnownFileType = sourcecode.c.h; path = ImagePickerViewController.h; sourceTree = "<group>"; };
		EC503582168CE9F0008F7120 /* ImagePickerViewController.m */ = {isa = PBXFileReference; fileEncoding = 4; lastKnownFileType = sourcecode.c.objc; path = ImagePickerViewController.m; sourceTree = "<group>"; };
		EC9192851688D9FA00CDD975 /* Curved App.app */ = {isa = PBXFileReference; explicitFileType = wrapper.application; includeInIndex = 0; path = "Curved App.app"; sourceTree = BUILT_PRODUCTS_DIR; };
		EC9192891688D9FA00CDD975 /* UIKit.framework */ = {isa = PBXFileReference; lastKnownFileType = wrapper.framework; name = UIKit.framework; path = System/Library/Frameworks/UIKit.framework; sourceTree = SDKROOT; };
		EC91928B1688D9FA00CDD975 /* Foundation.framework */ = {isa = PBXFileReference; lastKnownFileType = wrapper.framework; name = Foundation.framework; path = System/Library/Frameworks/Foundation.framework; sourceTree = SDKROOT; };
		EC91928D1688D9FA00CDD975 /* CoreGraphics.framework */ = {isa = PBXFileReference; lastKnownFileType = wrapper.framework; name = CoreGraphics.framework; path = System/Library/Frameworks/CoreGraphics.framework; sourceTree = SDKROOT; };
		EC9192911688D9FA00CDD975 /* Curved App-Info.plist */ = {isa = PBXFileReference; lastKnownFileType = text.plist.xml; path = "Curved App-Info.plist"; sourceTree = "<group>"; };
		EC9192931688D9FA00CDD975 /* en */ = {isa = PBXFileReference; lastKnownFileType = text.plist.strings; name = en; path = en.lproj/InfoPlist.strings; sourceTree = "<group>"; };
		EC9192951688D9FA00CDD975 /* main.m */ = {isa = PBXFileReference; lastKnownFileType = sourcecode.c.objc; path = main.m; sourceTree = "<group>"; };
		EC9192971688D9FA00CDD975 /* Curved App-Prefix.pch */ = {isa = PBXFileReference; lastKnownFileType = sourcecode.c.h; path = "Curved App-Prefix.pch"; sourceTree = "<group>"; };
		EC9192981688D9FA00CDD975 /* CurvedAppDelegate.h */ = {isa = PBXFileReference; lastKnownFileType = sourcecode.c.h; path = CurvedAppDelegate.h; sourceTree = "<group>"; };
		EC9192991688D9FA00CDD975 /* CurvedAppDelegate.m */ = {isa = PBXFileReference; lastKnownFileType = sourcecode.c.objc; path = CurvedAppDelegate.m; sourceTree = "<group>"; };
		EC91929B1688D9FA00CDD975 /* Default.png */ = {isa = PBXFileReference; lastKnownFileType = image.png; name = Default.png; path = ../Default.png; sourceTree = "<group>"; };
		EC91929D1688D9FA00CDD975 /* Default@2x.png */ = {isa = PBXFileReference; lastKnownFileType = image.png; name = "Default@2x.png"; path = "../Default@2x.png"; sourceTree = "<group>"; };
		EC91929F1688D9FA00CDD975 /* Default-568h@2x.png */ = {isa = PBXFileReference; lastKnownFileType = image.png; name = "Default-568h@2x.png"; path = "../Default-568h@2x.png"; sourceTree = "<group>"; };
		EC9192A21688D9FA00CDD975 /* en */ = {isa = PBXFileReference; lastKnownFileType = file.storyboard; name = en; path = en.lproj/MainStoryboard.storyboard; sourceTree = "<group>"; };
		ECE2194C168D441400988388 /* ShippingInformationViewController.h */ = {isa = PBXFileReference; fileEncoding = 4; lastKnownFileType = sourcecode.c.h; path = ShippingInformationViewController.h; sourceTree = "<group>"; };
		ECE2194D168D441400988388 /* ShippingInformationViewController.m */ = {isa = PBXFileReference; fileEncoding = 4; lastKnownFileType = sourcecode.c.objc; path = ShippingInformationViewController.m; sourceTree = "<group>"; };
/* End PBXFileReference section */

/* Begin PBXFrameworksBuildPhase section */
		EC9192821688D9FA00CDD975 /* Frameworks */ = {
			isa = PBXFrameworksBuildPhase;
			buildActionMask = 2147483647;
			files = (
				EC05938A168FB83F0023898A /* OpenGLES.framework in Frameworks */,
				EC059388168FB8390023898A /* CoreText.framework in Frameworks */,
				EC059386168FB82E0023898A /* StoreKit.framework in Frameworks */,
				EC059384168FB8250023898A /* QuartzCore.framework in Frameworks */,
				EC059382168FB81E0023898A /* libz.1.2.5.dylib in Frameworks */,
				EC059380168FB8150023898A /* libsqlite3.0.dylib in Frameworks */,
				EC05937E168FB8080023898A /* CoreData.framework in Frameworks */,
				EC05937C168FB8010023898A /* Accelerate.framework in Frameworks */,
				EC91928A1688D9FA00CDD975 /* UIKit.framework in Frameworks */,
				EC91928C1688D9FA00CDD975 /* Foundation.framework in Frameworks */,
				EC91928E1688D9FA00CDD975 /* CoreGraphics.framework in Frameworks */,
				EC059379168FB7CD0023898A /* libAviarySDK.a in Frameworks */,
			);
			runOnlyForDeploymentPostprocessing = 0;
		};
/* End PBXFrameworksBuildPhase section */

/* Begin PBXGroup section */
		30A0234D168EA016009EC249 /* View Controllers */ = {
			isa = PBXGroup;
			children = (
				30A0234A168EA00B009EC249 /* MainMenuViewController.h */,
				30A0234B168EA00B009EC249 /* MainMenuViewController.m */,
				EC503581168CE9F0008F7120 /* ImagePickerViewController.h */,
				EC503582168CE9F0008F7120 /* ImagePickerViewController.m */,
				ECE2194C168D441400988388 /* ShippingInformationViewController.h */,
				ECE2194D168D441400988388 /* ShippingInformationViewController.m */,
				308BC69B168F394600BBE793 /* CheckoutViewController.h */,
				308BC69C168F394600BBE793 /* CheckoutViewController.m */,
				308BC69F168F396700BBE793 /* GraciasViewController.h */,
				308BC6A0168F396700BBE793 /* GraciasViewController.m */,
			);
			name = "View Controllers";
			sourceTree = "<group>";
		};
		EC05936E168FB7CD0023898A /* AviarySDK */ = {
			isa = PBXGroup;
			children = (
				EC05936F168FB7CD0023898A /* Headers */,
				EC059376168FB7CD0023898A /* libAviarySDK.a */,
				EC059377168FB7CD0023898A /* Resources */,
			);
			name = AviarySDK;
			path = "Curved App/AviarySDK";
			sourceTree = "<group>";
		};
		EC05936F168FB7CD0023898A /* Headers */ = {
			isa = PBXGroup;
			children = (
				EC059370168FB7CD0023898A /* AFPhotoEditorContext.h */,
				EC059371168FB7CD0023898A /* AFPhotoEditorController.h */,
				EC059372168FB7CD0023898A /* AFPhotoEditorControllerOptions.h */,
				EC059373168FB7CD0023898A /* AFPhotoEditorCustomization.h */,
				EC059374168FB7CD0023898A /* AFPhotoEditorSession.h */,
				EC059375168FB7CD0023898A /* AFPhotoEditorStyle.h */,
			);
			path = Headers;
			sourceTree = "<group>";
		};
		EC059377168FB7CD0023898A /* Resources */ = {
			isa = PBXGroup;
			children = (
				EC059378168FB7CD0023898A /* AviarySDKResources.bundle */,
			);
			path = Resources;
			sourceTree = "<group>";
		};
		EC263B821691471800B7000D /* NLImageEditor */ = {
			isa = PBXGroup;
			children = (
				EC263BB116924B1B00B7000D /* corner.png */,
				EC263BA51692476F00B7000D /* UIImage-Categories */,
				EC263B841691476E00B7000D /* NLImageCropperView.m */,
				EC263B861691476E00B7000D /* NLImageCropperView.h */,
				EC263B871691476E00B7000D /* NLCropViewLayer.h */,
				EC263B881691476E00B7000D /* NLCropViewLayer.m */,
			);
			name = NLImageEditor;
			sourceTree = "<group>";
		};
		EC263BA51692476F00B7000D /* UIImage-Categories */ = {
			isa = PBXGroup;
			children = (
				EC263BA61692476F00B7000D /* README.md */,
				EC263BA71692476F00B7000D /* UIImage+Alpha.h */,
				EC263BA81692476F00B7000D /* UIImage+Alpha.m */,
				EC263BA91692476F00B7000D /* UIImage+Resize.h */,
				EC263BAA1692476F00B7000D /* UIImage+Resize.m */,
				EC263BAB1692476F00B7000D /* UIImage+RoundedCorner.h */,
				EC263BAC1692476F00B7000D /* UIImage+RoundedCorner.m */,
			);
			name = "UIImage-Categories";
			path = "Curved App/NLImageCropper/NLImageCropper/UIImage-Categories";
			sourceTree = "<group>";
		};
		EC91927A1688D9F900CDD975 = {
			isa = PBXGroup;
			children = (
				EC263B821691471800B7000D /* NLImageEditor */,
				EC05936E168FB7CD0023898A /* AviarySDK */,
				EC91928F1688D9FA00CDD975 /* Curved App */,
				EC9192881688D9FA00CDD975 /* Frameworks */,
				EC9192861688D9FA00CDD975 /* Products */,
			);
			sourceTree = "<group>";
		};
		EC9192861688D9FA00CDD975 /* Products */ = {
			isa = PBXGroup;
			children = (
				EC9192851688D9FA00CDD975 /* Curved App.app */,
			);
			name = Products;
			sourceTree = "<group>";
		};
		EC9192881688D9FA00CDD975 /* Frameworks */ = {
			isa = PBXGroup;
			children = (
				EC059389168FB83F0023898A /* OpenGLES.framework */,
				EC059387168FB8390023898A /* CoreText.framework */,
				EC059385168FB82E0023898A /* StoreKit.framework */,
				EC059383168FB8250023898A /* QuartzCore.framework */,
				EC059381168FB81E0023898A /* libz.1.2.5.dylib */,
				EC05937F168FB8150023898A /* libsqlite3.0.dylib */,
				EC05937D168FB8080023898A /* CoreData.framework */,
				EC05937B168FB8010023898A /* Accelerate.framework */,
				EC9192891688D9FA00CDD975 /* UIKit.framework */,
				EC91928B1688D9FA00CDD975 /* Foundation.framework */,
				EC91928D1688D9FA00CDD975 /* CoreGraphics.framework */,
			);
			name = Frameworks;
			sourceTree = "<group>";
		};
		EC91928F1688D9FA00CDD975 /* Curved App */ = {
			isa = PBXGroup;
			children = (
				EC05938B168FB8BC0023898A /* Default-568h@2x.png */,
				EC05938C168FB8BC0023898A /* Default.png */,
				EC05938D168FB8BC0023898A /* Default@2x.png */,
				EC9192A11688D9FA00CDD975 /* MainStoryboard.storyboard */,
				EC9192981688D9FA00CDD975 /* CurvedAppDelegate.h */,
				EC9192991688D9FA00CDD975 /* CurvedAppDelegate.m */,
				30A0234D168EA016009EC249 /* View Controllers */,
				EC9192901688D9FA00CDD975 /* Supporting Files */,
			);
			path = "Curved App";
			sourceTree = "<group>";
		};
		EC9192901688D9FA00CDD975 /* Supporting Files */ = {
			isa = PBXGroup;
			children = (
				ECE21950168D47F200988388 /* Graphics */,
				EC9192911688D9FA00CDD975 /* Curved App-Info.plist */,
				EC9192921688D9FA00CDD975 /* InfoPlist.strings */,
				EC9192951688D9FA00CDD975 /* main.m */,
				EC9192971688D9FA00CDD975 /* Curved App-Prefix.pch */,
			);
			name = "Supporting Files";
			sourceTree = "<group>";
		};
		ECE21950168D47F200988388 /* Graphics */ = {
			isa = PBXGroup;
			children = (
				EC91929B1688D9FA00CDD975 /* Default.png */,
				EC91929D1688D9FA00CDD975 /* Default@2x.png */,
				EC91929F1688D9FA00CDD975 /* Default-568h@2x.png */,
			);
			name = Graphics;
			path = images;
			sourceTree = "<group>";
		};
/* End PBXGroup section */

/* Begin PBXNativeTarget section */
		EC9192841688D9FA00CDD975 /* Curved App */ = {
			isa = PBXNativeTarget;
			buildConfigurationList = EC9192A91688D9FA00CDD975 /* Build configuration list for PBXNativeTarget "Curved App" */;
			buildPhases = (
				30A02348168E9E3D009EC249 /* ShellScript */,
				EC9192811688D9FA00CDD975 /* Sources */,
				EC9192821688D9FA00CDD975 /* Frameworks */,
				EC9192831688D9FA00CDD975 /* Resources */,
			);
			buildRules = (
			);
			dependencies = (
			);
			name = "Curved App";
			productName = "Curved App";
			productReference = EC9192851688D9FA00CDD975 /* Curved App.app */;
			productType = "com.apple.product-type.application";
		};
/* End PBXNativeTarget section */

/* Begin PBXProject section */
		EC91927C1688D9FA00CDD975 /* Project object */ = {
			isa = PBXProject;
			attributes = {
				CLASSPREFIX = Curved;
				LastUpgradeCheck = 0450;
				ORGANIZATIONNAME = Createch;
			};
			buildConfigurationList = EC91927F1688D9FA00CDD975 /* Build configuration list for PBXProject "Curved App" */;
			compatibilityVersion = "Xcode 3.2";
			developmentRegion = English;
			hasScannedForEncodings = 0;
			knownRegions = (
				en,
			);
			mainGroup = EC91927A1688D9F900CDD975;
			productRefGroup = EC9192861688D9FA00CDD975 /* Products */;
			projectDirPath = "";
			projectRoot = "";
			targets = (
				EC9192841688D9FA00CDD975 /* Curved App */,
			);
		};
/* End PBXProject section */

/* Begin PBXResourcesBuildPhase section */
		EC9192831688D9FA00CDD975 /* Resources */ = {
			isa = PBXResourcesBuildPhase;
			buildActionMask = 2147483647;
			files = (
				EC9192941688D9FA00CDD975 /* InfoPlist.strings in Resources */,
				EC9192A31688D9FA00CDD975 /* MainStoryboard.storyboard in Resources */,
				EC05937A168FB7CD0023898A /* AviarySDKResources.bundle in Resources */,
				EC05938E168FB8BC0023898A /* Default-568h@2x.png in Resources */,
				EC05938F168FB8BC0023898A /* Default.png in Resources */,
				EC059390168FB8BC0023898A /* Default@2x.png in Resources */,
				EC263BAD1692476F00B7000D /* README.md in Resources */,
				EC263BB216924B1B00B7000D /* corner.png in Resources */,
			);
			runOnlyForDeploymentPostprocessing = 0;
		};
/* End PBXResourcesBuildPhase section */

/* Begin PBXShellScriptBuildPhase section */
		30A02348168E9E3D009EC249 /* ShellScript */ = {
			isa = PBXShellScriptBuildPhase;
			buildActionMask = 2147483647;
			files = (
			);
			inputPaths = (
			);
			outputPaths = (
			);
			runOnlyForDeploymentPostprocessing = 0;
			shellPath = /bin/sh;
			shellScript = "bN=$(/usr/libexec/PlistBuddy -c \"Print CFBundleVersion\" \"$INFOPLIST_FILE\")\nbN=$((0x$bN))\nbN=$(($bN + 1))\nbN=$(printf \"%X\" $bN)\n/usr/libexec/PlistBuddy -c \"Set :CFBundleVersion $bN\" \"$INFOPLIST_FILE\"";
		};
/* End PBXShellScriptBuildPhase section */

/* Begin PBXSourcesBuildPhase section */
		EC9192811688D9FA00CDD975 /* Sources */ = {
			isa = PBXSourcesBuildPhase;
			buildActionMask = 2147483647;
			files = (
				EC9192961688D9FA00CDD975 /* main.m in Sources */,
				EC91929A1688D9FA00CDD975 /* CurvedAppDelegate.m in Sources */,
				EC503583168CE9F0008F7120 /* ImagePickerViewController.m in Sources */,
				ECE2194E168D441400988388 /* ShippingInformationViewController.m in Sources */,
				30A0234C168EA00B009EC249 /* MainMenuViewController.m in Sources */,
				308BC69D168F394600BBE793 /* CheckoutViewController.m in Sources */,
				308BC6A1168F396700BBE793 /* GraciasViewController.m in Sources */,
				EC263B8A1691476E00B7000D /* NLImageCropperView.m in Sources */,
				EC263B8C1691476E00B7000D /* NLCropViewLayer.m in Sources */,
				EC263BAE1692476F00B7000D /* UIImage+Alpha.m in Sources */,
				EC263BAF1692476F00B7000D /* UIImage+Resize.m in Sources */,
				EC263BB01692476F00B7000D /* UIImage+RoundedCorner.m in Sources */,
			);
			runOnlyForDeploymentPostprocessing = 0;
		};
/* End PBXSourcesBuildPhase section */

/* Begin PBXVariantGroup section */
		EC9192921688D9FA00CDD975 /* InfoPlist.strings */ = {
			isa = PBXVariantGroup;
			children = (
				EC9192931688D9FA00CDD975 /* en */,
			);
			name = InfoPlist.strings;
			sourceTree = "<group>";
		};
		EC9192A11688D9FA00CDD975 /* MainStoryboard.storyboard */ = {
			isa = PBXVariantGroup;
			children = (
				EC9192A21688D9FA00CDD975 /* en */,
			);
			name = MainStoryboard.storyboard;
			sourceTree = "<group>";
		};
/* End PBXVariantGroup section */

/* Begin XCBuildConfiguration section */
		EC9192A71688D9FA00CDD975 /* Debug */ = {
			isa = XCBuildConfiguration;
			buildSettings = {
				ALWAYS_SEARCH_USER_PATHS = NO;
				CLANG_CXX_LANGUAGE_STANDARD = "gnu++0x";
				CLANG_CXX_LIBRARY = "libc++";
				CLANG_ENABLE_OBJC_ARC = YES;
				CLANG_WARN_EMPTY_BODY = YES;
				CLANG_WARN__DUPLICATE_METHOD_MATCH = YES;
				"CODE_SIGN_IDENTITY[sdk=iphoneos*]" = "iPhone Developer";
				COPY_PHASE_STRIP = NO;
				GCC_C_LANGUAGE_STANDARD = gnu99;
				GCC_DYNAMIC_NO_PIC = NO;
				GCC_OPTIMIZATION_LEVEL = 0;
				GCC_PREPROCESSOR_DEFINITIONS = (
					"DEBUG=1",
					"$(inherited)",
				);
				GCC_SYMBOLS_PRIVATE_EXTERN = NO;
				GCC_WARN_ABOUT_RETURN_TYPE = YES;
				GCC_WARN_UNINITIALIZED_AUTOS = YES;
				GCC_WARN_UNUSED_VARIABLE = YES;
				IPHONEOS_DEPLOYMENT_TARGET = 6.0;
				ONLY_ACTIVE_ARCH = YES;
				SDKROOT = iphoneos;
			};
			name = Debug;
		};
		EC9192A81688D9FA00CDD975 /* Release */ = {
			isa = XCBuildConfiguration;
			buildSettings = {
				ALWAYS_SEARCH_USER_PATHS = NO;
				CLANG_CXX_LANGUAGE_STANDARD = "gnu++0x";
				CLANG_CXX_LIBRARY = "libc++";
				CLANG_ENABLE_OBJC_ARC = YES;
				CLANG_WARN_EMPTY_BODY = YES;
				CLANG_WARN__DUPLICATE_METHOD_MATCH = YES;
				"CODE_SIGN_IDENTITY[sdk=iphoneos*]" = "iPhone Developer";
				COPY_PHASE_STRIP = YES;
				GCC_C_LANGUAGE_STANDARD = gnu99;
				GCC_WARN_ABOUT_RETURN_TYPE = YES;
				GCC_WARN_UNINITIALIZED_AUTOS = YES;
				GCC_WARN_UNUSED_VARIABLE = YES;
				IPHONEOS_DEPLOYMENT_TARGET = 6.0;
				OTHER_CFLAGS = "-DNS_BLOCK_ASSERTIONS=1";
				SDKROOT = iphoneos;
				VALIDATE_PRODUCT = YES;
			};
			name = Release;
		};
		EC9192AA1688D9FA00CDD975 /* Debug */ = {
			isa = XCBuildConfiguration;
			buildSettings = {
				GCC_PRECOMPILE_PREFIX_HEADER = YES;
				GCC_PREFIX_HEADER = "Curved App/Curved App-Prefix.pch";
				INFOPLIST_FILE = "Curved App/Curved App-Info.plist";
				IPHONEOS_DEPLOYMENT_TARGET = 6.0;
				LIBRARY_SEARCH_PATHS = (
					"$(inherited)",
					"\"$(SRCROOT)/Curved App/AviarySDK\"",
				);
				OTHER_LDFLAGS = (
					"-ObjC",
					"-all_load",
					"-fobjc-arc",
				);
				PRODUCT_NAME = "$(TARGET_NAME)";
				WRAPPER_EXTENSION = app;
			};
			name = Debug;
		};
		EC9192AB1688D9FA00CDD975 /* Release */ = {
			isa = XCBuildConfiguration;
			buildSettings = {
				GCC_PRECOMPILE_PREFIX_HEADER = YES;
				GCC_PREFIX_HEADER = "Curved App/Curved App-Prefix.pch";
				INFOPLIST_FILE = "Curved App/Curved App-Info.plist";
				IPHONEOS_DEPLOYMENT_TARGET = 6.0;
				LIBRARY_SEARCH_PATHS = (
					"$(inherited)",
					"\"$(SRCROOT)/Curved App/AviarySDK\"",
				);
				OTHER_LDFLAGS = (
					"-ObjC",
					"-all_load",
					"-fobjc-arc",
				);
				PRODUCT_NAME = "$(TARGET_NAME)";
				WRAPPER_EXTENSION = app;
			};
			name = Release;
		};
/* End XCBuildConfiguration section */

/* Begin XCConfigurationList section */
		EC91927F1688D9FA00CDD975 /* Build configuration list for PBXProject "Curved App" */ = {
			isa = XCConfigurationList;
			buildConfigurations = (
				EC9192A71688D9FA00CDD975 /* Debug */,
				EC9192A81688D9FA00CDD975 /* Release */,
			);
			defaultConfigurationIsVisible = 0;
			defaultConfigurationName = Release;
		};
		EC9192A91688D9FA00CDD975 /* Build configuration list for PBXNativeTarget "Curved App" */ = {
			isa = XCConfigurationList;
			buildConfigurations = (
				EC9192AA1688D9FA00CDD975 /* Debug */,
				EC9192AB1688D9FA00CDD975 /* Release */,
			);
			defaultConfigurationIsVisible = 0;
			defaultConfigurationName = Release;
		};
/* End XCConfigurationList section */
	};
	rootObject = EC91927C1688D9FA00CDD975 /* Project object */;
}
